{
  "name": "puyo",
  "version": "1.0.0",
  "lockfileVersion": 3,
  "requires": true,
  "packages": {
    "": {
      "name": "puyo",
      "version": "1.0.0",
      "license": "ISC",
      "dependencies": {
        "clivas": "^0.2.0",
        "keypress": "^0.2.1"
      }
    },
    "node_modules/clivas": {
      "version": "0.2.0",
      "resolved": "https://registry.npmjs.org/clivas/-/clivas-0.2.0.tgz",
      "integrity": "sha512-5C5CLP3PwH3MrZA44G/gKwGyqCJYeA4Ct8dN9eVDjYlktYx4Gmf7072QhxECPvzemLGT5nSG+QWmpeJeb56bPA=="
    },
    "node_modules/keypress": {
      "version": "0.2.1",
      "resolved": "https://registry.npmjs.org/keypress/-/keypress-0.2.1.tgz",
      "integrity": "sha512-HjorDJFNhnM4SicvaUXac0X77NiskggxJdesG72+O5zBKpSqKFCrqmndKVqpu3pFqkla0St6uGk8Ju0sCurrmg==",
      "license": "MIT"
    }
  }
}
